
Microsoft Visual Studio Solution File, Format Version 12.00
# Visual Studio Version 17
VisualStudioVersion = 17.12.35424.110 d17.12
MinimumVisualStudioVersion = 10.0.40219.1
Project("{FAE04EC0-301F-11D3-BF4B-00C04F79EFBC}") = "MauiApp5", "MauiApp5\MauiApp5\MauiApp5.csproj", "{6098F4E4-B783-4155-89A1-803F0EAB3187}"
EndProject
Project("{FAE04EC0-301F-11D3-BF4B-00C04F79EFBC}") = "MauiApp5.Shared", "MauiApp5\MauiApp5.Shared\MauiApp5.Shared.csproj", "{9F2C95AF-85E4-42F5-A35F-ABD07F3F4D36}"
EndProject
Project("{FAE04EC0-301F-11D3-BF4B-00C04F79EFBC}") = "MauiApp5.Web", "MauiApp5\MauiApp5.Web\MauiApp5.Web.csproj", "{677E8D1A-9C04-45DD-8412-50377A4A55DE}"
EndProject
Global
	GlobalSection(SolutionConfigurationPlatforms) = preSolution
		Debug|Any CPU = Debug|Any CPU
		Release|Any CPU = Release|Any CPU
	EndGlobalSection
	GlobalSection(ProjectConfigurationPlatforms) = postSolution
		{6098F4E4-B783-4155-89A1-803F0EAB3187}.Debug|Any CPU.ActiveCfg = Debug|Any CPU
		{6098F4E4-B783-4155-89A1-803F0EAB3187}.Debug|Any CPU.Build.0 = Debug|Any CPU
		{6098F4E4-B783-4155-89A1-803F0EAB3187}.Release|Any CPU.ActiveCfg = Release|Any CPU
		{6098F4E4-B783-4155-89A1-803F0EAB3187}.Release|Any CPU.Build.0 = Release|Any CPU
		{9F2C95AF-85E4-42F5-A35F-ABD07F3F4D36}.Debug|Any CPU.ActiveCfg = Debug|Any CPU
		{9F2C95AF-85E4-42F5-A35F-ABD07F3F4D36}.Debug|Any CPU.Build.0 = Debug|Any CPU
		{9F2C95AF-85E4-42F5-A35F-ABD07F3F4D36}.Release|Any CPU.ActiveCfg = Release|Any CPU
		{9F2C95AF-85E4-42F5-A35F-ABD07F3F4D36}.Release|Any CPU.Build.0 = Release|Any CPU
		{677E8D1A-9C04-45DD-8412-50377A4A55DE}.Debug|Any CPU.ActiveCfg = Debug|Any CPU
		{677E8D1A-9C04-45DD-8412-50377A4A55DE}.Debug|Any CPU.Build.0 = Debug|Any CPU
		{677E8D1A-9C04-45DD-8412-50377A4A55DE}.Release|Any CPU.ActiveCfg = Release|Any CPU
		{677E8D1A-9C04-45DD-8412-50377A4A55DE}.Release|Any CPU.Build.0 = Release|Any CPU
	EndGlobalSection
	GlobalSection(SolutionProperties) = preSolution
		HideSolutionNode = FALSE
	EndGlobalSection
EndGlobal
